
Microsoft Visual Studio Solution File, Format Version 12.00
# Visual Studio Version 16
VisualStudioVersion = 16.0.31702.278
MinimumVisualStudioVersion = 10.0.40219.1
Project("{FAE04EC0-301F-11D3-BF4B-00C04F79EFBC}") = "3_switch", "3_switch\3_switch.csproj", "{1CF3FC97-4C4C-418B-A7C4-8D2B47C552B7}"
EndProject
Project("{FAE04EC0-301F-11D3-BF4B-00C04F79EFBC}") = "3_ifelse", "3_ifelse\3_ifelse.csproj", "{268C4260-0ABF-42A1-9DE1-F61B5CE20CDB}"
EndProject
Global
	GlobalSection(SolutionConfigurationPlatforms) = preSolution
		Debug|Any CPU = Debug|Any CPU
		Release|Any CPU = Release|Any CPU
	EndGlobalSection
	GlobalSection(ProjectConfigurationPlatforms) = postSolution
		{1CF3FC97-4C4C-418B-A7C4-8D2B47C552B7}.Debug|Any CPU.ActiveCfg = Debug|Any CPU
		{1CF3FC97-4C4C-418B-A7C4-8D2B47C552B7}.Debug|Any CPU.Build.0 = Debug|Any CPU
		{1CF3FC97-4C4C-418B-A7C4-8D2B47C552B7}.Release|Any CPU.ActiveCfg = Release|Any CPU
		{1CF3FC97-4C4C-418B-A7C4-8D2B47C552B7}.Release|Any CPU.Build.0 = Release|Any CPU
		{268C4260-0ABF-42A1-9DE1-F61B5CE20CDB}.Debug|Any CPU.ActiveCfg = Debug|Any CPU
		{268C4260-0ABF-42A1-9DE1-F61B5CE20CDB}.Debug|Any CPU.Build.0 = Debug|Any CPU
		{268C4260-0ABF-42A1-9DE1-F61B5CE20CDB}.Release|Any CPU.ActiveCfg = Release|Any CPU
		{268C4260-0ABF-42A1-9DE1-F61B5CE20CDB}.Release|Any CPU.Build.0 = Release|Any CPU
	EndGlobalSection
	GlobalSection(SolutionProperties) = preSolution
		HideSolutionNode = FALSE
	EndGlobalSection
	GlobalSection(ExtensibilityGlobals) = postSolution
		SolutionGuid = {A420E036-CE32-42F2-9B4B-835DE9C71428}
	EndGlobalSection
EndGlobal
