
Microsoft Visual Studio Solution File, Format Version 12.00
# Visual Studio Version 16
VisualStudioVersion = 16.0.31702.278
MinimumVisualStudioVersion = 10.0.40219.1
Project("{FAE04EC0-301F-11D3-BF4B-00C04F79EFBC}") = "5_homework", "5_homework\5_homework.csproj", "{0661AF5D-22A1-4D00-98AB-F91956B49F0C}"
EndProject
Global
	GlobalSection(SolutionConfigurationPlatforms) = preSolution
		Debug|Any CPU = Debug|Any CPU
		Release|Any CPU = Release|Any CPU
	EndGlobalSection
	GlobalSection(ProjectConfigurationPlatforms) = postSolution
		{0661AF5D-22A1-4D00-98AB-F91956B49F0C}.Debug|Any CPU.ActiveCfg = Debug|Any CPU
		{0661AF5D-22A1-4D00-98AB-F91956B49F0C}.Debug|Any CPU.Build.0 = Debug|Any CPU
		{0661AF5D-22A1-4D00-98AB-F91956B49F0C}.Release|Any CPU.ActiveCfg = Release|Any CPU
		{0661AF5D-22A1-4D00-98AB-F91956B49F0C}.Release|Any CPU.Build.0 = Release|Any CPU
	EndGlobalSection
	GlobalSection(SolutionProperties) = preSolution
		HideSolutionNode = FALSE
	EndGlobalSection
	GlobalSection(ExtensibilityGlobals) = postSolution
		SolutionGuid = {53FCA3C8-7B11-465E-8A5D-61C4BC1A71F4}
	EndGlobalSection
EndGlobal
