
Microsoft Visual Studio Solution File, Format Version 12.00
# Visual Studio Version 16
VisualStudioVersion = 16.0.31702.278
MinimumVisualStudioVersion = 10.0.40219.1
Project("{FAE04EC0-301F-11D3-BF4B-00C04F79EFBC}") = "4_homework", "4_homework\4_homework.csproj", "{1A8B637A-1EC6-423B-AC67-58E622C872F8}"
EndProject
Global
	GlobalSection(SolutionConfigurationPlatforms) = preSolution
		Debug|Any CPU = Debug|Any CPU
		Release|Any CPU = Release|Any CPU
	EndGlobalSection
	GlobalSection(ProjectConfigurationPlatforms) = postSolution
		{1A8B637A-1EC6-423B-AC67-58E622C872F8}.Debug|Any CPU.ActiveCfg = Debug|Any CPU
		{1A8B637A-1EC6-423B-AC67-58E622C872F8}.Debug|Any CPU.Build.0 = Debug|Any CPU
		{1A8B637A-1EC6-423B-AC67-58E622C872F8}.Release|Any CPU.ActiveCfg = Release|Any CPU
		{1A8B637A-1EC6-423B-AC67-58E622C872F8}.Release|Any CPU.Build.0 = Release|Any CPU
	EndGlobalSection
	GlobalSection(SolutionProperties) = preSolution
		HideSolutionNode = FALSE
	EndGlobalSection
	GlobalSection(ExtensibilityGlobals) = postSolution
		SolutionGuid = {791694B3-9A6A-4AFB-BC31-E675B7C367E3}
	EndGlobalSection
EndGlobal
