
Microsoft Visual Studio Solution File, Format Version 12.00
# Visual Studio Version 16
VisualStudioVersion = 16.0.31702.278
MinimumVisualStudioVersion = 10.0.40219.1
Project("{FAE04EC0-301F-11D3-BF4B-00C04F79EFBC}") = "15_homework", "15_homework\15_homework.csproj", "{A547EA9C-DCCC-46CC-9FC3-87A2B44BE1C9}"
EndProject
Project("{FAE04EC0-301F-11D3-BF4B-00C04F79EFBC}") = "16_homework", "16_homework\16_homework.csproj", "{383FB696-169A-4C95-AAD4-E3D74C8DF0E5}"
EndProject
Project("{FAE04EC0-301F-11D3-BF4B-00C04F79EFBC}") = "17_homework", "17_homework\17_homework.csproj", "{582D6A3B-614B-434E-94D4-121131D7447B}"
EndProject
Global
	GlobalSection(SolutionConfigurationPlatforms) = preSolution
		Debug|Any CPU = Debug|Any CPU
		Release|Any CPU = Release|Any CPU
	EndGlobalSection
	GlobalSection(ProjectConfigurationPlatforms) = postSolution
		{A547EA9C-DCCC-46CC-9FC3-87A2B44BE1C9}.Debug|Any CPU.ActiveCfg = Debug|Any CPU
		{A547EA9C-DCCC-46CC-9FC3-87A2B44BE1C9}.Debug|Any CPU.Build.0 = Debug|Any CPU
		{A547EA9C-DCCC-46CC-9FC3-87A2B44BE1C9}.Release|Any CPU.ActiveCfg = Release|Any CPU
		{A547EA9C-DCCC-46CC-9FC3-87A2B44BE1C9}.Release|Any CPU.Build.0 = Release|Any CPU
		{383FB696-169A-4C95-AAD4-E3D74C8DF0E5}.Debug|Any CPU.ActiveCfg = Debug|Any CPU
		{383FB696-169A-4C95-AAD4-E3D74C8DF0E5}.Debug|Any CPU.Build.0 = Debug|Any CPU
		{383FB696-169A-4C95-AAD4-E3D74C8DF0E5}.Release|Any CPU.ActiveCfg = Release|Any CPU
		{383FB696-169A-4C95-AAD4-E3D74C8DF0E5}.Release|Any CPU.Build.0 = Release|Any CPU
		{582D6A3B-614B-434E-94D4-121131D7447B}.Debug|Any CPU.ActiveCfg = Debug|Any CPU
		{582D6A3B-614B-434E-94D4-121131D7447B}.Debug|Any CPU.Build.0 = Debug|Any CPU
		{582D6A3B-614B-434E-94D4-121131D7447B}.Release|Any CPU.ActiveCfg = Release|Any CPU
		{582D6A3B-614B-434E-94D4-121131D7447B}.Release|Any CPU.Build.0 = Release|Any CPU
	EndGlobalSection
	GlobalSection(SolutionProperties) = preSolution
		HideSolutionNode = FALSE
	EndGlobalSection
	GlobalSection(ExtensibilityGlobals) = postSolution
		SolutionGuid = {07CD4D14-5595-479F-B16F-CB883078F650}
	EndGlobalSection
EndGlobal
